
Microsoft Visual Studio Solution File, Format Version 12.00
# Visual Studio Version 16
VisualStudioVersion = 16.0.31105.61
MinimumVisualStudioVersion = 10.0.40219.1
Project("{FAE04EC0-301F-11D3-BF4B-00C04F79EFBC}") = "WPFCoreMVVMTemplate", "WPFCoreMVVMTemplate\WPFCoreMVVMTemplate.csproj", "{57ED7602-6F36-4155-9B84-E190B0BC9003}"
EndProject
Global
	GlobalSection(SolutionConfigurationPlatforms) = preSolution
		Debug|Any CPU = Debug|Any CPU
		Release|Any CPU = Release|Any CPU
	EndGlobalSection
	GlobalSection(ProjectConfigurationPlatforms) = postSolution
		{57ED7602-6F36-4155-9B84-E190B0BC9003}.Debug|Any CPU.ActiveCfg = Debug|Any CPU
		{57ED7602-6F36-4155-9B84-E190B0BC9003}.Debug|Any CPU.Build.0 = Debug|Any CPU
		{57ED7602-6F36-4155-9B84-E190B0BC9003}.Release|Any CPU.ActiveCfg = Release|Any CPU
		{57ED7602-6F36-4155-9B84-E190B0BC9003}.Release|Any CPU.Build.0 = Release|Any CPU
	EndGlobalSection
	GlobalSection(SolutionProperties) = preSolution
		HideSolutionNode = FALSE
	EndGlobalSection
	GlobalSection(ExtensibilityGlobals) = postSolution
		SolutionGuid = {F36A47D1-00FB-46C4-8AAF-83BDDEC55C3B}
	EndGlobalSection
EndGlobal
